
Microsoft Visual Studio Solution File, Format Version 12.00
# Visual Studio 15
VisualStudioVersion = 15.0.28307.1927
MinimumVisualStudioVersion = 10.0.40219.1
Project("{FAE04EC0-301F-11D3-BF4B-00C04F79EFBC}") = "Ejercicio if", "Ejercicio if\Ejercicio if.csproj", "{77263F2C-C3BD-47EA-96E5-A4AD5562FBCB}"
EndProject
Global
	GlobalSection(SolutionConfigurationPlatforms) = preSolution
		Debug|Any CPU = Debug|Any CPU
		Release|Any CPU = Release|Any CPU
	EndGlobalSection
	GlobalSection(ProjectConfigurationPlatforms) = postSolution
		{77263F2C-C3BD-47EA-96E5-A4AD5562FBCB}.Debug|Any CPU.ActiveCfg = Debug|Any CPU
		{77263F2C-C3BD-47EA-96E5-A4AD5562FBCB}.Debug|Any CPU.Build.0 = Debug|Any CPU
		{77263F2C-C3BD-47EA-96E5-A4AD5562FBCB}.Release|Any CPU.ActiveCfg = Release|Any CPU
		{77263F2C-C3BD-47EA-96E5-A4AD5562FBCB}.Release|Any CPU.Build.0 = Release|Any CPU
	EndGlobalSection
	GlobalSection(SolutionProperties) = preSolution
		HideSolutionNode = FALSE
	EndGlobalSection
	GlobalSection(ExtensibilityGlobals) = postSolution
		SolutionGuid = {0AA4BC24-13CE-4463-9FC3-16DC8C40C9E2}
	EndGlobalSection
EndGlobal
